
Microsoft Visual Studio Solution File, Format Version 10.00
# Visual C++ Express 2008
Project("{8BC9CEB8-8B4A-11D0-8D11-00A0C91BC942}") = "FudgePacker", "FudgePacker\FudgePacker.vcproj", "{EE1442A2-F6C6-474F-9E99-96898BCD4524}"
	ProjectSection(ProjectDependencies) = postProject
		{40E5DD0B-D3E3-41F3-AFC8-2F1EC8B001D9} = {40E5DD0B-D3E3-41F3-AFC8-2F1EC8B001D9}
		{C406DAEC-0886-4771-8DEA-9D7329B46CC1} = {C406DAEC-0886-4771-8DEA-9D7329B46CC1}
	EndProjectSection
EndProject
Project("{8BC9CEB8-8B4A-11D0-8D11-00A0C91BC942}") = "TexturePacker", "TexturePacker\TexturePacker.vcproj", "{FCDB74DE-9254-4C68-8018-370F4853AB91}"
	ProjectSection(ProjectDependencies) = postProject
		{40E5DD0B-D3E3-41F3-AFC8-2F1EC8B001D9} = {40E5DD0B-D3E3-41F3-AFC8-2F1EC8B001D9}
		{3B1750E7-14AC-4891-AA80-C1D7F4F2D127} = {3B1750E7-14AC-4891-AA80-C1D7F4F2D127}
		{C406DAEC-0886-4771-8DEA-9D7329B46CC1} = {C406DAEC-0886-4771-8DEA-9D7329B46CC1}
	EndProjectSection
EndProject
Project("{8BC9CEB8-8B4A-11D0-8D11-00A0C91BC942}") = "SpritePacker", "SpritePacker\SpritePacker.vcproj", "{44B1BC10-E974-4CD8-8DF5-91CD9DAA35D6}"
	ProjectSection(ProjectDependencies) = postProject
		{40E5DD0B-D3E3-41F3-AFC8-2F1EC8B001D9} = {40E5DD0B-D3E3-41F3-AFC8-2F1EC8B001D9}
		{C406DAEC-0886-4771-8DEA-9D7329B46CC1} = {C406DAEC-0886-4771-8DEA-9D7329B46CC1}
	EndProjectSection
EndProject
Project("{8BC9CEB8-8B4A-11D0-8D11-00A0C91BC942}") = "MaterialPacker", "MaterialPacker\MaterialPacker.vcproj", "{D8C665A0-6FEC-4A82-8920-7BFBEF6D8BE6}"
	ProjectSection(ProjectDependencies) = postProject
		{40E5DD0B-D3E3-41F3-AFC8-2F1EC8B001D9} = {40E5DD0B-D3E3-41F3-AFC8-2F1EC8B001D9}
		{C406DAEC-0886-4771-8DEA-9D7329B46CC1} = {C406DAEC-0886-4771-8DEA-9D7329B46CC1}
	EndProjectSection
EndProject
Project("{8BC9CEB8-8B4A-11D0-8D11-00A0C91BC942}") = "GeometryPacker", "GeometryPacker\GeometryPacker.vcproj", "{3CC83042-0394-4A66-A9CC-17D4E19A7296}"
	ProjectSection(ProjectDependencies) = postProject
		{40E5DD0B-D3E3-41F3-AFC8-2F1EC8B001D9} = {40E5DD0B-D3E3-41F3-AFC8-2F1EC8B001D9}
		{E6A9DFB7-118A-4FF9-AFE2-F6067D233B83} = {E6A9DFB7-118A-4FF9-AFE2-F6067D233B83}
		{C406DAEC-0886-4771-8DEA-9D7329B46CC1} = {C406DAEC-0886-4771-8DEA-9D7329B46CC1}
	EndProjectSection
EndProject
Project("{8BC9CEB8-8B4A-11D0-8D11-00A0C91BC942}") = "TCommon", "tcommon\TCommon.vcproj", "{40E5DD0B-D3E3-41F3-AFC8-2F1EC8B001D9}"
EndProject
Project("{8BC9CEB8-8B4A-11D0-8D11-00A0C91BC942}") = "tinyxml_lib", "..\thirdparty\tinyxml\tinyxml_lib.vcproj", "{C406DAEC-0886-4771-8DEA-9D7329B46CC1}"
EndProject
Project("{8BC9CEB8-8B4A-11D0-8D11-00A0C91BC942}") = "AnimationPacker", "AnimationPacker\AnimationPacker.vcproj", "{A4F1815D-9022-4919-BFB9-780CF88EA5FF}"
	ProjectSection(ProjectDependencies) = postProject
		{40E5DD0B-D3E3-41F3-AFC8-2F1EC8B001D9} = {40E5DD0B-D3E3-41F3-AFC8-2F1EC8B001D9}
		{3B1750E7-14AC-4891-AA80-C1D7F4F2D127} = {3B1750E7-14AC-4891-AA80-C1D7F4F2D127}
		{C406DAEC-0886-4771-8DEA-9D7329B46CC1} = {C406DAEC-0886-4771-8DEA-9D7329B46CC1}
	EndProjectSection
EndProject
Project("{8BC9CEB8-8B4A-11D0-8D11-00A0C91BC942}") = "Monkey", "monkey\Monkey.vcproj", "{080ED232-848D-4937-ACFD-7E3B708F4C78}"
EndProject
Project("{8BC9CEB8-8B4A-11D0-8D11-00A0C91BC942}") = "ScenePacker", "ScenePacker\ScenePacker.vcproj", "{A359F444-03DB-417D-8E18-6F5367D63F67}"
	ProjectSection(ProjectDependencies) = postProject
		{40E5DD0B-D3E3-41F3-AFC8-2F1EC8B001D9} = {40E5DD0B-D3E3-41F3-AFC8-2F1EC8B001D9}
		{C406DAEC-0886-4771-8DEA-9D7329B46CC1} = {C406DAEC-0886-4771-8DEA-9D7329B46CC1}
	EndProjectSection
EndProject
Project("{8BC9CEB8-8B4A-11D0-8D11-00A0C91BC942}") = "nvtristrip", "..\thirdparty\nvtristrip\nvtristrip.vcproj", "{E6A9DFB7-118A-4FF9-AFE2-F6067D233B83}"
EndProject
Project("{8BC9CEB8-8B4A-11D0-8D11-00A0C91BC942}") = "GCommon", "..\gcommon\gcommon.vcproj", "{3B1750E7-14AC-4891-AA80-C1D7F4F2D127}"
EndProject
Project("{8BC9CEB8-8B4A-11D0-8D11-00A0C91BC942}") = "SkeletonPacker", "skeletonpacker\skeletonpacker.vcproj", "{3CC83042-0394-4A66-AFFF-17D4E19A7296}"
	ProjectSection(ProjectDependencies) = postProject
		{40E5DD0B-D3E3-41F3-AFC8-2F1EC8B001D9} = {40E5DD0B-D3E3-41F3-AFC8-2F1EC8B001D9}
		{C406DAEC-0886-4771-8DEA-9D7329B46CC1} = {C406DAEC-0886-4771-8DEA-9D7329B46CC1}
	EndProjectSection
EndProject
Project("{8BC9CEB8-8B4A-11D0-8D11-00A0C91BC942}") = "GuiPacker", "guipacker\guipacker.vcproj", "{A359F444-03DB-32FF-8E18-6F5367D63F67}"
	ProjectSection(ProjectDependencies) = postProject
		{40E5DD0B-D3E3-41F3-AFC8-2F1EC8B001D9} = {40E5DD0B-D3E3-41F3-AFC8-2F1EC8B001D9}
		{C406DAEC-0886-4771-8DEA-9D7329B46CC1} = {C406DAEC-0886-4771-8DEA-9D7329B46CC1}
	EndProjectSection
EndProject
Project("{8BC9CEB8-8B4A-11D0-8D11-00A0C91BC942}") = "FontPacker", "fontpacker\fontpacker.vcproj", "{FCDB74DE-38FF-2228-8018-370F4853AB91}"
	ProjectSection(ProjectDependencies) = postProject
		{40E5DD0B-D3E3-41F3-AFC8-2F1EC8B001D9} = {40E5DD0B-D3E3-41F3-AFC8-2F1EC8B001D9}
		{C406DAEC-0886-4771-8DEA-9D7329B46CC1} = {C406DAEC-0886-4771-8DEA-9D7329B46CC1}
	EndProjectSection
EndProject
Project("{8BC9CEB8-8B4A-11D0-8D11-00A0C91BC942}") = "FontSpliter", "fontspliter\fontspliter.vcproj", "{FCDB74DE-32FF-2232-8018-370F4853AB91}"
	ProjectSection(ProjectDependencies) = postProject
		{40E5DD0B-D3E3-41F3-AFC8-2F1EC8B001D9} = {40E5DD0B-D3E3-41F3-AFC8-2F1EC8B001D9}
		{C406DAEC-0886-4771-8DEA-9D7329B46CC1} = {C406DAEC-0886-4771-8DEA-9D7329B46CC1}
	EndProjectSection
EndProject
Project("{8BC9CEB8-8B4A-11D0-8D11-00A0C91BC942}") = "svgPacker", "svgpacker\svgpacker.vcproj", "{3CC83042-0394-4A77-AADD-17D4E19A7296}"
	ProjectSection(ProjectDependencies) = postProject
		{40E5DD0B-D3E3-41F3-AFC8-2F1EC8B001D9} = {40E5DD0B-D3E3-41F3-AFC8-2F1EC8B001D9}
		{3B1750E7-14AC-4891-AA80-C1D7F4F2D127} = {3B1750E7-14AC-4891-AA80-C1D7F4F2D127}
		{C406DAEC-0886-4771-8DEA-9D7329B46CC1} = {C406DAEC-0886-4771-8DEA-9D7329B46CC1}
	EndProjectSection
EndProject
Project("{8BC9CEB8-8B4A-11D0-8D11-00A0C91BC942}") = "svgPacker2", "svgpacker2\svgpacker2.vcproj", "{3CC83042-0394-4A77-DDDD-17D4E19A7296}"
	ProjectSection(ProjectDependencies) = postProject
		{40E5DD0B-D3E3-41F3-AFC8-2F1EC8B001D9} = {40E5DD0B-D3E3-41F3-AFC8-2F1EC8B001D9}
		{3B1750E7-14AC-4891-AA80-C1D7F4F2D127} = {3B1750E7-14AC-4891-AA80-C1D7F4F2D127}
		{C406DAEC-0886-4771-8DEA-9D7329B46CC1} = {C406DAEC-0886-4771-8DEA-9D7329B46CC1}
	EndProjectSection
EndProject
Global
	GlobalSection(SolutionConfigurationPlatforms) = preSolution
		Debug|Win32 = Debug|Win32
		Release|Win32 = Release|Win32
	EndGlobalSection
	GlobalSection(ProjectConfigurationPlatforms) = postSolution
		{EE1442A2-F6C6-474F-9E99-96898BCD4524}.Debug|Win32.ActiveCfg = Debug|Win32
		{EE1442A2-F6C6-474F-9E99-96898BCD4524}.Debug|Win32.Build.0 = Debug|Win32
		{EE1442A2-F6C6-474F-9E99-96898BCD4524}.Release|Win32.ActiveCfg = Release|Win32
		{EE1442A2-F6C6-474F-9E99-96898BCD4524}.Release|Win32.Build.0 = Release|Win32
		{FCDB74DE-9254-4C68-8018-370F4853AB91}.Debug|Win32.ActiveCfg = Debug|Win32
		{FCDB74DE-9254-4C68-8018-370F4853AB91}.Debug|Win32.Build.0 = Debug|Win32
		{FCDB74DE-9254-4C68-8018-370F4853AB91}.Release|Win32.ActiveCfg = Release|Win32
		{FCDB74DE-9254-4C68-8018-370F4853AB91}.Release|Win32.Build.0 = Release|Win32
		{44B1BC10-E974-4CD8-8DF5-91CD9DAA35D6}.Debug|Win32.ActiveCfg = Debug|Win32
		{44B1BC10-E974-4CD8-8DF5-91CD9DAA35D6}.Debug|Win32.Build.0 = Debug|Win32
		{44B1BC10-E974-4CD8-8DF5-91CD9DAA35D6}.Release|Win32.ActiveCfg = Release|Win32
		{D8C665A0-6FEC-4A82-8920-7BFBEF6D8BE6}.Debug|Win32.ActiveCfg = Debug|Win32
		{D8C665A0-6FEC-4A82-8920-7BFBEF6D8BE6}.Debug|Win32.Build.0 = Debug|Win32
		{D8C665A0-6FEC-4A82-8920-7BFBEF6D8BE6}.Release|Win32.ActiveCfg = Release|Win32
		{D8C665A0-6FEC-4A82-8920-7BFBEF6D8BE6}.Release|Win32.Build.0 = Release|Win32
		{3CC83042-0394-4A66-A9CC-17D4E19A7296}.Debug|Win32.ActiveCfg = Debug|Win32
		{3CC83042-0394-4A66-A9CC-17D4E19A7296}.Debug|Win32.Build.0 = Debug|Win32
		{3CC83042-0394-4A66-A9CC-17D4E19A7296}.Release|Win32.ActiveCfg = Release|Win32
		{3CC83042-0394-4A66-A9CC-17D4E19A7296}.Release|Win32.Build.0 = Release|Win32
		{40E5DD0B-D3E3-41F3-AFC8-2F1EC8B001D9}.Debug|Win32.ActiveCfg = Debug|Win32
		{40E5DD0B-D3E3-41F3-AFC8-2F1EC8B001D9}.Debug|Win32.Build.0 = Debug|Win32
		{40E5DD0B-D3E3-41F3-AFC8-2F1EC8B001D9}.Release|Win32.ActiveCfg = Release|Win32
		{40E5DD0B-D3E3-41F3-AFC8-2F1EC8B001D9}.Release|Win32.Build.0 = Release|Win32
		{C406DAEC-0886-4771-8DEA-9D7329B46CC1}.Debug|Win32.ActiveCfg = Debug|Win32
		{C406DAEC-0886-4771-8DEA-9D7329B46CC1}.Debug|Win32.Build.0 = Debug|Win32
		{C406DAEC-0886-4771-8DEA-9D7329B46CC1}.Release|Win32.ActiveCfg = Release|Win32
		{C406DAEC-0886-4771-8DEA-9D7329B46CC1}.Release|Win32.Build.0 = Release|Win32
		{A4F1815D-9022-4919-BFB9-780CF88EA5FF}.Debug|Win32.ActiveCfg = Debug|Win32
		{A4F1815D-9022-4919-BFB9-780CF88EA5FF}.Debug|Win32.Build.0 = Debug|Win32
		{A4F1815D-9022-4919-BFB9-780CF88EA5FF}.Release|Win32.ActiveCfg = Release|Win32
		{A4F1815D-9022-4919-BFB9-780CF88EA5FF}.Release|Win32.Build.0 = Release|Win32
		{080ED232-848D-4937-ACFD-7E3B708F4C78}.Debug|Win32.ActiveCfg = Debug|Win32
		{080ED232-848D-4937-ACFD-7E3B708F4C78}.Release|Win32.ActiveCfg = Release|Win32
		{A359F444-03DB-417D-8E18-6F5367D63F67}.Debug|Win32.ActiveCfg = Debug|Win32
		{A359F444-03DB-417D-8E18-6F5367D63F67}.Debug|Win32.Build.0 = Debug|Win32
		{A359F444-03DB-417D-8E18-6F5367D63F67}.Release|Win32.ActiveCfg = Release|Win32
		{A359F444-03DB-417D-8E18-6F5367D63F67}.Release|Win32.Build.0 = Release|Win32
		{E6A9DFB7-118A-4FF9-AFE2-F6067D233B83}.Debug|Win32.ActiveCfg = Debug|Win32
		{E6A9DFB7-118A-4FF9-AFE2-F6067D233B83}.Debug|Win32.Build.0 = Debug|Win32
		{E6A9DFB7-118A-4FF9-AFE2-F6067D233B83}.Release|Win32.ActiveCfg = Release|Win32
		{E6A9DFB7-118A-4FF9-AFE2-F6067D233B83}.Release|Win32.Build.0 = Release|Win32
		{3B1750E7-14AC-4891-AA80-C1D7F4F2D127}.Debug|Win32.ActiveCfg = Debug|Win32
		{3B1750E7-14AC-4891-AA80-C1D7F4F2D127}.Debug|Win32.Build.0 = Debug|Win32
		{3B1750E7-14AC-4891-AA80-C1D7F4F2D127}.Release|Win32.ActiveCfg = Release|Win32
		{3B1750E7-14AC-4891-AA80-C1D7F4F2D127}.Release|Win32.Build.0 = Release|Win32
		{3CC83042-0394-4A66-AFFF-17D4E19A7296}.Debug|Win32.ActiveCfg = Debug|Win32
		{3CC83042-0394-4A66-AFFF-17D4E19A7296}.Debug|Win32.Build.0 = Debug|Win32
		{3CC83042-0394-4A66-AFFF-17D4E19A7296}.Release|Win32.ActiveCfg = Release|Win32
		{3CC83042-0394-4A66-AFFF-17D4E19A7296}.Release|Win32.Build.0 = Release|Win32
		{A359F444-03DB-32FF-8E18-6F5367D63F67}.Debug|Win32.ActiveCfg = Debug|Win32
		{A359F444-03DB-32FF-8E18-6F5367D63F67}.Debug|Win32.Build.0 = Debug|Win32
		{A359F444-03DB-32FF-8E18-6F5367D63F67}.Release|Win32.ActiveCfg = Release|Win32
		{A359F444-03DB-32FF-8E18-6F5367D63F67}.Release|Win32.Build.0 = Release|Win32
		{FCDB74DE-38FF-2228-8018-370F4853AB91}.Debug|Win32.ActiveCfg = Debug|Win32
		{FCDB74DE-38FF-2228-8018-370F4853AB91}.Debug|Win32.Build.0 = Debug|Win32
		{FCDB74DE-38FF-2228-8018-370F4853AB91}.Release|Win32.ActiveCfg = Release|Win32
		{FCDB74DE-38FF-2228-8018-370F4853AB91}.Release|Win32.Build.0 = Release|Win32
		{FCDB74DE-32FF-2232-8018-370F4853AB91}.Debug|Win32.ActiveCfg = Debug|Win32
		{FCDB74DE-32FF-2232-8018-370F4853AB91}.Debug|Win32.Build.0 = Debug|Win32
		{FCDB74DE-32FF-2232-8018-370F4853AB91}.Release|Win32.ActiveCfg = Release|Win32
		{FCDB74DE-32FF-2232-8018-370F4853AB91}.Release|Win32.Build.0 = Release|Win32
		{3CC83042-0394-4A77-AADD-17D4E19A7296}.Debug|Win32.ActiveCfg = Debug|Win32
		{3CC83042-0394-4A77-AADD-17D4E19A7296}.Debug|Win32.Build.0 = Debug|Win32
		{3CC83042-0394-4A77-AADD-17D4E19A7296}.Release|Win32.ActiveCfg = Release|Win32
		{3CC83042-0394-4A77-AADD-17D4E19A7296}.Release|Win32.Build.0 = Release|Win32
		{3CC83042-0394-4A77-DDDD-17D4E19A7296}.Debug|Win32.ActiveCfg = Debug|Win32
		{3CC83042-0394-4A77-DDDD-17D4E19A7296}.Debug|Win32.Build.0 = Debug|Win32
		{3CC83042-0394-4A77-DDDD-17D4E19A7296}.Release|Win32.ActiveCfg = Release|Win32
		{3CC83042-0394-4A77-DDDD-17D4E19A7296}.Release|Win32.Build.0 = Release|Win32
	EndGlobalSection
	GlobalSection(SolutionProperties) = preSolution
		HideSolutionNode = FALSE
	EndGlobalSection
EndGlobal
