
Microsoft Visual Studio Solution File, Format Version 10.00
# Visual C++ Express 2008
Project("{8BC9CEB8-8B4A-11D0-8D11-00A0C91BC942}") = "GCommon", "gcommon.vcproj", "{3B1750E7-14AC-4891-AA80-C1D7F4F2D127}"
EndProject
Project("{8BC9CEB8-8B4A-11D0-8D11-00A0C91BC942}") = "unittest", "unittest.vcproj", "{ACDA2A49-DC5B-48F4-AFE4-437E9701BB01}"
EndProject
Global
	GlobalSection(SolutionConfigurationPlatforms) = preSolution
		Debug|Win32 = Debug|Win32
		Release|Win32 = Release|Win32
	EndGlobalSection
	GlobalSection(ProjectConfigurationPlatforms) = postSolution
		{3B1750E7-14AC-4891-AA80-C1D7F4F2D127}.Debug|Win32.ActiveCfg = Release|Win32
		{3B1750E7-14AC-4891-AA80-C1D7F4F2D127}.Debug|Win32.Build.0 = Release|Win32
		{3B1750E7-14AC-4891-AA80-C1D7F4F2D127}.Release|Win32.ActiveCfg = Release|Win32
		{3B1750E7-14AC-4891-AA80-C1D7F4F2D127}.Release|Win32.Build.0 = Release|Win32
		{ACDA2A49-DC5B-48F4-AFE4-437E9701BB01}.Debug|Win32.ActiveCfg = Debug|Win32
		{ACDA2A49-DC5B-48F4-AFE4-437E9701BB01}.Debug|Win32.Build.0 = Debug|Win32
		{ACDA2A49-DC5B-48F4-AFE4-437E9701BB01}.Release|Win32.ActiveCfg = Release|Win32
		{ACDA2A49-DC5B-48F4-AFE4-437E9701BB01}.Release|Win32.Build.0 = Release|Win32
	EndGlobalSection
	GlobalSection(SolutionProperties) = preSolution
		HideSolutionNode = FALSE
	EndGlobalSection
EndGlobal
